
Microsoft Visual Studio Solution File, Format Version 12.00
# Visual Studio Version 17
VisualStudioVersion = 17.0.31903.59
MinimumVisualStudioVersion = 10.0.40219.1
Project("{FAE04EC0-301F-11D3-BF4B-00C04F79EFBC}") = "BinaryTree", "BinaryTree\BinaryTree.csproj", "{331E71FC-59E3-420B-A54F-ACBA41A0120C}"
EndProject
Project("{FAE04EC0-301F-11D3-BF4B-00C04F79EFBC}") = "Solution", "Solution\Solution.csproj", "{116B1645-1B8B-4001-9A14-F6C757815EAB}"
EndProject
Project("{FAE04EC0-301F-11D3-BF4B-00C04F79EFBC}") = "Solution.Tests", "Solution.Tests\Solution.Tests.csproj", "{2D889825-4B13-4547-A54A-E6DE845BEFC5}"
EndProject
Global
	GlobalSection(SolutionConfigurationPlatforms) = preSolution
		Debug|Any CPU = Debug|Any CPU
		Release|Any CPU = Release|Any CPU
	EndGlobalSection
	GlobalSection(SolutionProperties) = preSolution
		HideSolutionNode = FALSE
	EndGlobalSection
	GlobalSection(ProjectConfigurationPlatforms) = postSolution
		{331E71FC-59E3-420B-A54F-ACBA41A0120C}.Debug|Any CPU.ActiveCfg = Debug|Any CPU
		{331E71FC-59E3-420B-A54F-ACBA41A0120C}.Debug|Any CPU.Build.0 = Debug|Any CPU
		{331E71FC-59E3-420B-A54F-ACBA41A0120C}.Release|Any CPU.ActiveCfg = Release|Any CPU
		{331E71FC-59E3-420B-A54F-ACBA41A0120C}.Release|Any CPU.Build.0 = Release|Any CPU
		{116B1645-1B8B-4001-9A14-F6C757815EAB}.Debug|Any CPU.ActiveCfg = Debug|Any CPU
		{116B1645-1B8B-4001-9A14-F6C757815EAB}.Debug|Any CPU.Build.0 = Debug|Any CPU
		{116B1645-1B8B-4001-9A14-F6C757815EAB}.Release|Any CPU.ActiveCfg = Release|Any CPU
		{116B1645-1B8B-4001-9A14-F6C757815EAB}.Release|Any CPU.Build.0 = Release|Any CPU
		{2D889825-4B13-4547-A54A-E6DE845BEFC5}.Debug|Any CPU.ActiveCfg = Debug|Any CPU
		{2D889825-4B13-4547-A54A-E6DE845BEFC5}.Debug|Any CPU.Build.0 = Debug|Any CPU
		{2D889825-4B13-4547-A54A-E6DE845BEFC5}.Release|Any CPU.ActiveCfg = Release|Any CPU
		{2D889825-4B13-4547-A54A-E6DE845BEFC5}.Release|Any CPU.Build.0 = Release|Any CPU
	EndGlobalSection
EndGlobal
